// !$*UTF8*$!
{
	archiveVersion = 1;
	classes = {
	};
	objectVersion = 50;
	objects = {

/* Begin PBXBuildFile section */
		D0B1451B268B6BB000CDA5EF /* libvorbis.0.dylib in Frameworks */ = {isa = PBXBuildFile; fileRef = D0B14515268B6BB000CDA5EF /* libvorbis.0.dylib */; };
		D0B1451C268B6BB000CDA5EF /* libogg.0.dylib in Frameworks */ = {isa = PBXBuildFile; fileRef = D0B14516268B6BB000CDA5EF /* libogg.0.dylib */; };
		D0B1451E268B6BB000CDA5EF /* libpng16.16.dylib in Frameworks */ = {isa = PBXBuildFile; fileRef = D0B14518268B6BB000CDA5EF /* libpng16.16.dylib */; };
		D0B1451F268B6BB000CDA5EF /* libvorbisfile.3.dylib in Frameworks */ = {isa = PBXBuildFile; fileRef = D0B14519268B6BB000CDA5EF /* libvorbisfile.3.dylib */; };
		D0B14520268B6BB000CDA5EF /* libcurl.4.dylib in Frameworks */ = {isa = PBXBuildFile; fileRef = D0B1451A268B6BB000CDA5EF /* libcurl.4.dylib */; };
		D0B14522268B6F8300CDA5EF /* SDL2.framework in Frameworks */ = {isa = PBXBuildFile; fileRef = D0B14517268B6BB000CDA5EF /* SDL2.framework */; };
		D0B145C9268B6FA700CDA5EF /* Filesystem.m in Sources */ = {isa = PBXBuildFile; fileRef = D0B14529268B6FA700CDA5EF /* Filesystem.m */; };
		D0B145CA268B6FA700CDA5EF /* DrawGroupList.cpp in Sources */ = {isa = PBXBuildFile; fileRef = D0B14530268B6FA700CDA5EF /* DrawGroupList.cpp */; };
		D0B145CB268B6FA700CDA5EF /* Entity.cpp in Sources */ = {isa = PBXBuildFile; fileRef = D0B14531268B6FA700CDA5EF /* Entity.cpp */; };
		D0B145CC268B6FA700CDA5EF /* ObjectList.cpp in Sources */ = {isa = PBXBuildFile; fileRef = D0B14532268B6FA700CDA5EF /* ObjectList.cpp */; };
		D0B145CD268B6FA700CDA5EF /* FontFace.cpp in Sources */ = {isa = PBXBuildFile; fileRef = D0B14533268B6FA700CDA5EF /* FontFace.cpp */; };
		D0B145CE268B6FA700CDA5EF /* Scene.cpp in Sources */ = {isa = PBXBuildFile; fileRef = D0B14534268B6FA700CDA5EF /* Scene.cpp */; };
		D0B145CF268B6FA700CDA5EF /* AndroidWifiP2P.cpp in Sources */ = {isa = PBXBuildFile; fileRef = D0B14536268B6FA700CDA5EF /* AndroidWifiP2P.cpp */; };
		D0B145D0268B6FA700CDA5EF /* WebSocketClient.cpp in Sources */ = {isa = PBXBuildFile; fileRef = D0B14538268B6FA700CDA5EF /* WebSocketClient.cpp */; };
		D0B145D1268B6FA700CDA5EF /* HTTP.cpp in Sources */ = {isa = PBXBuildFile; fileRef = D0B14539268B6FA700CDA5EF /* HTTP.cpp */; };
		D0B145D2268B6FA700CDA5EF /* MemoryStream.cpp in Sources */ = {isa = PBXBuildFile; fileRef = D0B1453B268B6FA700CDA5EF /* MemoryStream.cpp */; };
		D0B145D3268B6FA700CDA5EF /* ResourceStream.cpp in Sources */ = {isa = PBXBuildFile; fileRef = D0B1453C268B6FA700CDA5EF /* ResourceStream.cpp */; };
		D0B145D4268B6FA700CDA5EF /* FileStream.cpp in Sources */ = {isa = PBXBuildFile; fileRef = D0B1453D268B6FA700CDA5EF /* FileStream.cpp */; };
		D0B145D5268B6FA700CDA5EF /* Stream.cpp in Sources */ = {isa = PBXBuildFile; fileRef = D0B1453E268B6FA700CDA5EF /* Stream.cpp */; };
		D0B145D6268B6FA700CDA5EF /* RunLength.cpp in Sources */ = {isa = PBXBuildFile; fileRef = D0B14540268B6FA700CDA5EF /* RunLength.cpp */; };
		D0B145D7268B6FA700CDA5EF /* ZLibStream.cpp in Sources */ = {isa = PBXBuildFile; fileRef = D0B14541268B6FA700CDA5EF /* ZLibStream.cpp */; };
		D0B145D8268B6FA700CDA5EF /* LZ11.cpp in Sources */ = {isa = PBXBuildFile; fileRef = D0B14542268B6FA700CDA5EF /* LZ11.cpp */; };
		D0B145D9268B6FA700CDA5EF /* LZSS.cpp in Sources */ = {isa = PBXBuildFile; fileRef = D0B14543268B6FA700CDA5EF /* LZSS.cpp */; };
		D0B145DA268B6FA700CDA5EF /* Huffman.cpp in Sources */ = {isa = PBXBuildFile; fileRef = D0B14545268B6FA700CDA5EF /* Huffman.cpp */; };
		D0B145DB268B6FA700CDA5EF /* SDLStream.cpp in Sources */ = {isa = PBXBuildFile; fileRef = D0B14546268B6FA700CDA5EF /* SDLStream.cpp */; };
		D0B145DC268B6FA700CDA5EF /* NetworkStream.cpp in Sources */ = {isa = PBXBuildFile; fileRef = D0B14547268B6FA700CDA5EF /* NetworkStream.cpp */; };
		D0B145DD268B6FA700CDA5EF /* Directory.cpp in Sources */ = {isa = PBXBuildFile; fileRef = D0B1454D268B6FA700CDA5EF /* Directory.cpp */; };
		D0B145DE268B6FA700CDA5EF /* File.cpp in Sources */ = {isa = PBXBuildFile; fileRef = D0B1454E268B6FA700CDA5EF /* File.cpp */; };
		D0B145DF268B6FA700CDA5EF /* SoundFormat.cpp in Sources */ = {isa = PBXBuildFile; fileRef = D0B14552268B6FA700CDA5EF /* SoundFormat.cpp */; };
		D0B145E0268B6FA700CDA5EF /* OGG.cpp in Sources */ = {isa = PBXBuildFile; fileRef = D0B14553268B6FA700CDA5EF /* OGG.cpp */; };
		D0B145E1268B6FA700CDA5EF /* WAV.cpp in Sources */ = {isa = PBXBuildFile; fileRef = D0B14554268B6FA700CDA5EF /* WAV.cpp */; };
		D0B145E2268B6FA700CDA5EF /* Image.cpp in Sources */ = {isa = PBXBuildFile; fileRef = D0B14555268B6FA700CDA5EF /* Image.cpp */; };
		D0B145E3268B6FA700CDA5EF /* TiledMapReader.cpp in Sources */ = {isa = PBXBuildFile; fileRef = D0B14557268B6FA700CDA5EF /* TiledMapReader.cpp */; };
		D0B145E4268B6FA700CDA5EF /* RSDKSceneReader.cpp in Sources */ = {isa = PBXBuildFile; fileRef = D0B14558268B6FA700CDA5EF /* RSDKSceneReader.cpp */; };
		D0B145E5268B6FA700CDA5EF /* ISprite.cpp in Sources */ = {isa = PBXBuildFile; fileRef = D0B14559268B6FA700CDA5EF /* ISprite.cpp */; };
		D0B145E6268B6FA700CDA5EF /* ISound.cpp in Sources */ = {isa = PBXBuildFile; fileRef = D0B1455A268B6FA700CDA5EF /* ISound.cpp */; };
		D0B145E7268B6FA700CDA5EF /* IModel.cpp in Sources */ = {isa = PBXBuildFile; fileRef = D0B1455B268B6FA700CDA5EF /* IModel.cpp */; };
		D0B145E8268B6FA700CDA5EF /* JPEG.cpp in Sources */ = {isa = PBXBuildFile; fileRef = D0B1455D268B6FA700CDA5EF /* JPEG.cpp */; };
		D0B145E9268B6FA700CDA5EF /* PNG.cpp in Sources */ = {isa = PBXBuildFile; fileRef = D0B1455E268B6FA700CDA5EF /* PNG.cpp */; };
		D0B145EA268B6FA700CDA5EF /* GIF.cpp in Sources */ = {isa = PBXBuildFile; fileRef = D0B1455F268B6FA700CDA5EF /* GIF.cpp */; };
		D0B145EB268B6FA700CDA5EF /* ImageFormat.cpp in Sources */ = {isa = PBXBuildFile; fileRef = D0B14560268B6FA700CDA5EF /* ImageFormat.cpp */; };
		D0B145EC268B6FA700CDA5EF /* ResourceManager.cpp in Sources */ = {isa = PBXBuildFile; fileRef = D0B14561268B6FA700CDA5EF /* ResourceManager.cpp */; };
		D0B145ED268B6FA700CDA5EF /* COLLADAReader.cpp in Sources */ = {isa = PBXBuildFile; fileRef = D0B14564268B6FA700CDA5EF /* COLLADAReader.cpp */; };
		D0B145EE268B6FA700CDA5EF /* MD5.cpp in Sources */ = {isa = PBXBuildFile; fileRef = D0B14567268B6FA700CDA5EF /* MD5.cpp */; };
		D0B145EF268B6FA700CDA5EF /* CombinedHash.cpp in Sources */ = {isa = PBXBuildFile; fileRef = D0B14568268B6FA700CDA5EF /* CombinedHash.cpp */; };
		D0B145F0268B6FA700CDA5EF /* CRC32.cpp in Sources */ = {isa = PBXBuildFile; fileRef = D0B14569268B6FA700CDA5EF /* CRC32.cpp */; };
		D0B145F1268B6FA700CDA5EF /* Murmur.cpp in Sources */ = {isa = PBXBuildFile; fileRef = D0B1456A268B6FA700CDA5EF /* Murmur.cpp */; };
		D0B145F2268B6FA700CDA5EF /* FNV1A.cpp in Sources */ = {isa = PBXBuildFile; fileRef = D0B1456B268B6FA700CDA5EF /* FNV1A.cpp */; };
		D0B145F3268B6FA700CDA5EF /* Matrix4x4.cpp in Sources */ = {isa = PBXBuildFile; fileRef = D0B1456E268B6FA700CDA5EF /* Matrix4x4.cpp */; };
		D0B145F4268B6FA700CDA5EF /* Math.cpp in Sources */ = {isa = PBXBuildFile; fileRef = D0B1456F268B6FA700CDA5EF /* Math.cpp */; };
		D0B145F5268B6FA700CDA5EF /* Ease.cpp in Sources */ = {isa = PBXBuildFile; fileRef = D0B14570268B6FA700CDA5EF /* Ease.cpp */; };
		D0B145F6268B6FA700CDA5EF /* Discord.cpp in Sources */ = {isa = PBXBuildFile; fileRef = D0B14572268B6FA700CDA5EF /* Discord.cpp */; };
		D0B145F7268B6FA700CDA5EF /* InputManager.cpp in Sources */ = {isa = PBXBuildFile; fileRef = D0B14573268B6FA700CDA5EF /* InputManager.cpp */; };
		D0B145F8268B6FA700CDA5EF /* Graphics.cpp in Sources */ = {isa = PBXBuildFile; fileRef = D0B14574268B6FA700CDA5EF /* Graphics.cpp */; };
		D0B145F9268B6FA700CDA5EF /* StringUtils.cpp in Sources */ = {isa = PBXBuildFile; fileRef = D0B14576268B6FA700CDA5EF /* StringUtils.cpp */; };
		D0B145FA268B6FA700CDA5EF /* AudioManager.cpp in Sources */ = {isa = PBXBuildFile; fileRef = D0B1457A268B6FA700CDA5EF /* AudioManager.cpp */; };
		D0B145FB268B6FA700CDA5EF /* Memory.cpp in Sources */ = {isa = PBXBuildFile; fileRef = D0B1457C268B6FA700CDA5EF /* Memory.cpp */; };
		D0B145FC268B6FA700CDA5EF /* Log.cpp in Sources */ = {isa = PBXBuildFile; fileRef = D0B1457D268B6FA700CDA5EF /* Log.cpp */; };
		D0B145FD268B6FA700CDA5EF /* Clock.cpp in Sources */ = {isa = PBXBuildFile; fileRef = D0B1457E268B6FA700CDA5EF /* Clock.cpp */; };
		D0B145FE268B6FA700CDA5EF /* RemoteDebug.cpp in Sources */ = {isa = PBXBuildFile; fileRef = D0B1457F268B6FA700CDA5EF /* RemoteDebug.cpp */; };
		D0B145FF268B6FA700CDA5EF /* PerformanceMeasure.cpp in Sources */ = {isa = PBXBuildFile; fileRef = D0B14580268B6FA700CDA5EF /* PerformanceMeasure.cpp */; };
		D0B14600268B6FA700CDA5EF /* Types.cpp in Sources */ = {isa = PBXBuildFile; fileRef = D0B14583268B6FA700CDA5EF /* Types.cpp */; };
		D0B14601268B6FA700CDA5EF /* Compiler.cpp in Sources */ = {isa = PBXBuildFile; fileRef = D0B14584268B6FA700CDA5EF /* Compiler.cpp */; };
		D0B14602268B6FA700CDA5EF /* StandardLibrary.cpp in Sources */ = {isa = PBXBuildFile; fileRef = D0B14586268B6FA700CDA5EF /* StandardLibrary.cpp */; };
		D0B14603268B6FA700CDA5EF /* VMThread.cpp in Sources */ = {isa = PBXBuildFile; fileRef = D0B14587268B6FA700CDA5EF /* VMThread.cpp */; };
		D0B14604268B6FA700CDA5EF /* GarbageCollector.cpp in Sources */ = {isa = PBXBuildFile; fileRef = D0B14588268B6FA700CDA5EF /* GarbageCollector.cpp */; };
		D0B14605268B6FA700CDA5EF /* BytecodeObject.cpp in Sources */ = {isa = PBXBuildFile; fileRef = D0B14589268B6FA700CDA5EF /* BytecodeObject.cpp */; };
		D0B14606268B6FA700CDA5EF /* SourceFileMap.cpp in Sources */ = {isa = PBXBuildFile; fileRef = D0B1458A268B6FA700CDA5EF /* SourceFileMap.cpp */; };
		D0B14607268B6FA700CDA5EF /* BytecodeObjectManager.cpp in Sources */ = {isa = PBXBuildFile; fileRef = D0B1458B268B6FA700CDA5EF /* BytecodeObjectManager.cpp */; };
		D0B14608268B6FA700CDA5EF /* Values.cpp in Sources */ = {isa = PBXBuildFile; fileRef = D0B1458D268B6FA700CDA5EF /* Values.cpp */; };
		D0B14609268B6FA800CDA5EF /* Texture.cpp in Sources */ = {isa = PBXBuildFile; fileRef = D0B14595268B6FA700CDA5EF /* Texture.cpp */; };
		D0B1460A268B6FA800CDA5EF /* Shader.cpp in Sources */ = {isa = PBXBuildFile; fileRef = D0B14596268B6FA700CDA5EF /* Shader.cpp */; };
		D0B1460B268B6FA800CDA5EF /* SoftwareRenderer.cpp in Sources */ = {isa = PBXBuildFile; fileRef = D0B14598268B6FA700CDA5EF /* SoftwareRenderer.cpp */; };
		D0B1460C268B6FA800CDA5EF /* GLShader.cpp in Sources */ = {isa = PBXBuildFile; fileRef = D0B1459B268B6FA700CDA5EF /* GLShader.cpp */; };
		D0B1460D268B6FA800CDA5EF /* GLRenderer.cpp in Sources */ = {isa = PBXBuildFile; fileRef = D0B1459C268B6FA700CDA5EF /* GLRenderer.cpp */; };
		D0B1460E268B6FA800CDA5EF /* SDL2MetalFunc.m in Sources */ = {isa = PBXBuildFile; fileRef = D0B1459F268B6FA700CDA5EF /* SDL2MetalFunc.m */; };
		D0B1460F268B6FA800CDA5EF /* SDL2Renderer.cpp in Sources */ = {isa = PBXBuildFile; fileRef = D0B145A0268B6FA700CDA5EF /* SDL2Renderer.cpp */; };
		D0B14610268B6FA800CDA5EF /* D3DRenderer.cpp in Sources */ = {isa = PBXBuildFile; fileRef = D0B145A4268B6FA700CDA5EF /* D3DRenderer.cpp */; };
		D0B14611268B6FA800CDA5EF /* Application.cpp in Sources */ = {isa = PBXBuildFile; fileRef = D0B145A7268B6FA700CDA5EF /* Application.cpp */; };
		D0B14612268B6FA800CDA5EF /* ScrollingIndex.cpp in Sources */ = {isa = PBXBuildFile; fileRef = D0B145A9268B6FA700CDA5EF /* ScrollingIndex.cpp */; };
		D0B14613268B6FA800CDA5EF /* View.cpp in Sources */ = {isa = PBXBuildFile; fileRef = D0B145AA268B6FA700CDA5EF /* View.cpp */; };
		D0B14614268B6FA800CDA5EF /* SceneLayer.cpp in Sources */ = {isa = PBXBuildFile; fileRef = D0B145AB268B6FA700CDA5EF /* SceneLayer.cpp */; };
		D0B14615268B6FA800CDA5EF /* ScrollingInfo.cpp in Sources */ = {isa = PBXBuildFile; fileRef = D0B145AC268B6FA700CDA5EF /* ScrollingInfo.cpp */; };
		D0B14616268B6FA800CDA5EF /* TileSpriteInfo.cpp in Sources */ = {isa = PBXBuildFile; fileRef = D0B145AD268B6FA700CDA5EF /* TileSpriteInfo.cpp */; };
		D0B14617268B6FA800CDA5EF /* TileConfig.cpp in Sources */ = {isa = PBXBuildFile; fileRef = D0B145AE268B6FA700CDA5EF /* TileConfig.cpp */; };
		D0B14618268B6FA800CDA5EF /* XMLParser.cpp in Sources */ = {isa = PBXBuildFile; fileRef = D0B145B2268B6FA700CDA5EF /* XMLParser.cpp */; };
		D0B14619268B6FA800CDA5EF /* INI.cpp in Sources */ = {isa = PBXBuildFile; fileRef = D0B145B5268B6FA700CDA5EF /* INI.cpp */; };
		D0B1461A268B6FA800CDA5EF /* Main.cpp in Sources */ = {isa = PBXBuildFile; fileRef = D0B145B6268B6FA700CDA5EF /* Main.cpp */; };
		D0B1461B268B6FA800CDA5EF /* MediaPlayer.cpp in Sources */ = {isa = PBXBuildFile; fileRef = D0B145B8268B6FA700CDA5EF /* MediaPlayer.cpp */; };
		D0B1461C268B6FA800CDA5EF /* MediaSource.cpp in Sources */ = {isa = PBXBuildFile; fileRef = D0B145B9268B6FA700CDA5EF /* MediaSource.cpp */; };
		D0B1461D268B6FA800CDA5EF /* MediaPlayerState.cpp in Sources */ = {isa = PBXBuildFile; fileRef = D0B145C1268B6FA700CDA5EF /* MediaPlayerState.cpp */; };
		D0B1461E268B6FA800CDA5EF /* PtrBuffer.cpp in Sources */ = {isa = PBXBuildFile; fileRef = D0B145C3268B6FA700CDA5EF /* PtrBuffer.cpp */; };
		D0B1461F268B6FA800CDA5EF /* RingBuffer.cpp in Sources */ = {isa = PBXBuildFile; fileRef = D0B145C4268B6FA700CDA5EF /* RingBuffer.cpp */; };
		D0B14620268B6FA800CDA5EF /* AudioDecoder.cpp in Sources */ = {isa = PBXBuildFile; fileRef = D0B145C6268B6FA700CDA5EF /* AudioDecoder.cpp */; };
		D0B14621268B6FA800CDA5EF /* VideoDecoder.cpp in Sources */ = {isa = PBXBuildFile; fileRef = D0B145C7268B6FA700CDA5EF /* VideoDecoder.cpp */; };
		D0B14622268B6FA800CDA5EF /* Decoder.cpp in Sources */ = {isa = PBXBuildFile; fileRef = D0B145C8268B6FA700CDA5EF /* Decoder.cpp */; };
		D0B14624268B723B00CDA5EF /* libz.tbd in Frameworks */ = {isa = PBXBuildFile; fileRef = D0B14623268B723B00CDA5EF /* libz.tbd */; };
/* End PBXBuildFile section */

/* Begin PBXCopyFilesBuildPhase section */
		D0B14508268B6B5C00CDA5EF /* CopyFiles */ = {
			isa = PBXCopyFilesBuildPhase;
			buildActionMask = 2147483647;
			dstPath = /usr/share/man/man1/;
			dstSubfolderSpec = 0;
			files = (
			);
			runOnlyForDeploymentPostprocessing = 1;
		};
/* End PBXCopyFilesBuildPhase section */

/* Begin PBXFileReference section */
		D0B1450A268B6B5C00CDA5EF /* HatchGameEngine */ = {isa = PBXFileReference; explicitFileType = "compiled.mach-o.executable"; includeInIndex = 0; path = HatchGameEngine; sourceTree = BUILT_PRODUCTS_DIR; };
		D0B14515268B6BB000CDA5EF /* libvorbis.0.dylib */ = {isa = PBXFileReference; lastKnownFileType = "compiled.mach-o.dylib"; name = libvorbis.0.dylib; path = ../../meta/mac/libvorbis.0.dylib; sourceTree = "<group>"; };
		D0B14516268B6BB000CDA5EF /* libogg.0.dylib */ = {isa = PBXFileReference; lastKnownFileType = "compiled.mach-o.dylib"; name = libogg.0.dylib; path = ../../meta/mac/libogg.0.dylib; sourceTree = "<group>"; };
		D0B14517268B6BB000CDA5EF /* SDL2.framework */ = {isa = PBXFileReference; lastKnownFileType = wrapper.framework; name = SDL2.framework; path = ../../meta/mac/SDL2.framework; sourceTree = "<group>"; };
		D0B14518268B6BB000CDA5EF /* libpng16.16.dylib */ = {isa = PBXFileReference; lastKnownFileType = "compiled.mach-o.dylib"; name = libpng16.16.dylib; path = ../../meta/mac/libpng16.16.dylib; sourceTree = "<group>"; };
		D0B14519268B6BB000CDA5EF /* libvorbisfile.3.dylib */ = {isa = PBXFileReference; lastKnownFileType = "compiled.mach-o.dylib"; name = libvorbisfile.3.dylib; path = ../../meta/mac/libvorbisfile.3.dylib; sourceTree = "<group>"; };
		D0B1451A268B6BB000CDA5EF /* libcurl.4.dylib */ = {isa = PBXFileReference; lastKnownFileType = "compiled.mach-o.dylib"; name = libcurl.4.dylib; path = ../../meta/mac/libcurl.4.dylib; sourceTree = "<group>"; };
		D0B14524268B6FA600CDA5EF /* HatchGameEngine.log */ = {isa = PBXFileReference; fileEncoding = 4; lastKnownFileType = text; path = HatchGameEngine.log; sourceTree = "<group>"; };
		D0B14528268B6FA700CDA5EF /* Filesystem.h */ = {isa = PBXFileReference; fileEncoding = 4; lastKnownFileType = sourcecode.c.h; path = Filesystem.h; sourceTree = "<group>"; };
		D0B14529268B6FA700CDA5EF /* Filesystem.m */ = {isa = PBXFileReference; fileEncoding = 4; lastKnownFileType = sourcecode.c.objc; path = Filesystem.m; sourceTree = "<group>"; };
		D0B1452B268B6FA700CDA5EF /* MediaPlayer.h */ = {isa = PBXFileReference; fileEncoding = 4; lastKnownFileType = sourcecode.c.h; path = MediaPlayer.h; sourceTree = "<group>"; };
		D0B1452C268B6FA700CDA5EF /* MediaPlayer.m.ignore */ = {isa = PBXFileReference; fileEncoding = 4; lastKnownFileType = text; path = MediaPlayer.m.ignore; sourceTree = "<group>"; };
		D0B1452D268B6FA700CDA5EF /* ImageIO.mm.ignore */ = {isa = PBXFileReference; fileEncoding = 4; lastKnownFileType = text; path = ImageIO.mm.ignore; sourceTree = "<group>"; };
		D0B1452F268B6FA700CDA5EF /* EntityTypes.h */ = {isa = PBXFileReference; fileEncoding = 4; lastKnownFileType = sourcecode.c.h; path = EntityTypes.h; sourceTree = "<group>"; };
		D0B14530268B6FA700CDA5EF /* DrawGroupList.cpp */ = {isa = PBXFileReference; fileEncoding = 4; lastKnownFileType = sourcecode.cpp.cpp; path = DrawGroupList.cpp; sourceTree = "<group>"; };
		D0B14531268B6FA700CDA5EF /* Entity.cpp */ = {isa = PBXFileReference; fileEncoding = 4; lastKnownFileType = sourcecode.cpp.cpp; path = Entity.cpp; sourceTree = "<group>"; };
		D0B14532268B6FA700CDA5EF /* ObjectList.cpp */ = {isa = PBXFileReference; fileEncoding = 4; lastKnownFileType = sourcecode.cpp.cpp; path = ObjectList.cpp; sourceTree = "<group>"; };
		D0B14533268B6FA700CDA5EF /* FontFace.cpp */ = {isa = PBXFileReference; fileEncoding = 4; lastKnownFileType = sourcecode.cpp.cpp; path = FontFace.cpp; sourceTree = "<group>"; };
		D0B14534268B6FA700CDA5EF /* Scene.cpp */ = {isa = PBXFileReference; fileEncoding = 4; lastKnownFileType = sourcecode.cpp.cpp; path = Scene.cpp; sourceTree = "<group>"; };
		D0B14536268B6FA700CDA5EF /* AndroidWifiP2P.cpp */ = {isa = PBXFileReference; fileEncoding = 4; lastKnownFileType = sourcecode.cpp.cpp; path = AndroidWifiP2P.cpp; sourceTree = "<group>"; };
		D0B14537268B6FA700CDA5EF /* WebSocketIncludes.h */ = {isa = PBXFileReference; fileEncoding = 4; lastKnownFileType = sourcecode.c.h; path = WebSocketIncludes.h; sourceTree = "<group>"; };
		D0B14538268B6FA700CDA5EF /* WebSocketClient.cpp */ = {isa = PBXFileReference; fileEncoding = 4; lastKnownFileType = sourcecode.cpp.cpp; path = WebSocketClient.cpp; sourceTree = "<group>"; };
		D0B14539268B6FA700CDA5EF /* HTTP.cpp */ = {isa = PBXFileReference; fileEncoding = 4; lastKnownFileType = sourcecode.cpp.cpp; path = HTTP.cpp; sourceTree = "<group>"; };
		D0B1453B268B6FA700CDA5EF /* MemoryStream.cpp */ = {isa = PBXFileReference; fileEncoding = 4; lastKnownFileType = sourcecode.cpp.cpp; path = MemoryStream.cpp; sourceTree = "<group>"; };
		D0B1453C268B6FA700CDA5EF /* ResourceStream.cpp */ = {isa = PBXFileReference; fileEncoding = 4; lastKnownFileType = sourcecode.cpp.cpp; path = ResourceStream.cpp; sourceTree = "<group>"; };
		D0B1453D268B6FA700CDA5EF /* FileStream.cpp */ = {isa = PBXFileReference; fileEncoding = 4; lastKnownFileType = sourcecode.cpp.cpp; path = FileStream.cpp; sourceTree = "<group>"; };
		D0B1453E268B6FA700CDA5EF /* Stream.cpp */ = {isa = PBXFileReference; fileEncoding = 4; lastKnownFileType = sourcecode.cpp.cpp; path = Stream.cpp; sourceTree = "<group>"; };
		D0B14540268B6FA700CDA5EF /* RunLength.cpp */ = {isa = PBXFileReference; fileEncoding = 4; lastKnownFileType = sourcecode.cpp.cpp; path = RunLength.cpp; sourceTree = "<group>"; };
		D0B14541268B6FA700CDA5EF /* ZLibStream.cpp */ = {isa = PBXFileReference; fileEncoding = 4; lastKnownFileType = sourcecode.cpp.cpp; path = ZLibStream.cpp; sourceTree = "<group>"; };
		D0B14542268B6FA700CDA5EF /* LZ11.cpp */ = {isa = PBXFileReference; fileEncoding = 4; lastKnownFileType = sourcecode.cpp.cpp; path = LZ11.cpp; sourceTree = "<group>"; };
		D0B14543268B6FA700CDA5EF /* LZSS.cpp */ = {isa = PBXFileReference; fileEncoding = 4; lastKnownFileType = sourcecode.cpp.cpp; path = LZSS.cpp; sourceTree = "<group>"; };
		D0B14544268B6FA700CDA5EF /* CompressionEnums.h */ = {isa = PBXFileReference; fileEncoding = 4; lastKnownFileType = sourcecode.c.h; path = CompressionEnums.h; sourceTree = "<group>"; };
		D0B14545268B6FA700CDA5EF /* Huffman.cpp */ = {isa = PBXFileReference; fileEncoding = 4; lastKnownFileType = sourcecode.cpp.cpp; path = Huffman.cpp; sourceTree = "<group>"; };
		D0B14546268B6FA700CDA5EF /* SDLStream.cpp */ = {isa = PBXFileReference; fileEncoding = 4; lastKnownFileType = sourcecode.cpp.cpp; path = SDLStream.cpp; sourceTree = "<group>"; };
		D0B14547268B6FA700CDA5EF /* NetworkStream.cpp */ = {isa = PBXFileReference; fileEncoding = 4; lastKnownFileType = sourcecode.cpp.cpp; path = NetworkStream.cpp; sourceTree = "<group>"; };
		D0B14549268B6FA700CDA5EF /* StandardSDL2.h */ = {isa = PBXFileReference; fileEncoding = 4; lastKnownFileType = sourcecode.c.h; path = StandardSDL2.h; sourceTree = "<group>"; };
		D0B1454A268B6FA700CDA5EF /* HashMap.h */ = {isa = PBXFileReference; fileEncoding = 4; lastKnownFileType = sourcecode.c.h; path = HashMap.h; sourceTree = "<group>"; };
		D0B1454B268B6FA700CDA5EF /* Standard.h */ = {isa = PBXFileReference; fileEncoding = 4; lastKnownFileType = sourcecode.c.h; path = Standard.h; sourceTree = "<group>"; };
		D0B1454D268B6FA700CDA5EF /* Directory.cpp */ = {isa = PBXFileReference; fileEncoding = 4; lastKnownFileType = sourcecode.cpp.cpp; path = Directory.cpp; sourceTree = "<group>"; };
		D0B1454E268B6FA700CDA5EF /* File.cpp */ = {isa = PBXFileReference; fileEncoding = 4; lastKnownFileType = sourcecode.cpp.cpp; path = File.cpp; sourceTree = "<group>"; };
		D0B14550268B6FA700CDA5EF /* ResourceType.h */ = {isa = PBXFileReference; fileEncoding = 4; lastKnownFileType = sourcecode.c.h; path = ResourceType.h; sourceTree = "<group>"; };
		D0B14552268B6FA700CDA5EF /* SoundFormat.cpp */ = {isa = PBXFileReference; fileEncoding = 4; lastKnownFileType = sourcecode.cpp.cpp; path = SoundFormat.cpp; sourceTree = "<group>"; };
		D0B14553268B6FA700CDA5EF /* OGG.cpp */ = {isa = PBXFileReference; fileEncoding = 4; lastKnownFileType = sourcecode.cpp.cpp; path = OGG.cpp; sourceTree = "<group>"; };
		D0B14554268B6FA700CDA5EF /* WAV.cpp */ = {isa = PBXFileReference; fileEncoding = 4; lastKnownFileType = sourcecode.cpp.cpp; path = WAV.cpp; sourceTree = "<group>"; };
		D0B14555268B6FA700CDA5EF /* Image.cpp */ = {isa = PBXFileReference; fileEncoding = 4; lastKnownFileType = sourcecode.cpp.cpp; path = Image.cpp; sourceTree = "<group>"; };
		D0B14557268B6FA700CDA5EF /* TiledMapReader.cpp */ = {isa = PBXFileReference; fileEncoding = 4; lastKnownFileType = sourcecode.cpp.cpp; path = TiledMapReader.cpp; sourceTree = "<group>"; };
		D0B14558268B6FA700CDA5EF /* RSDKSceneReader.cpp */ = {isa = PBXFileReference; fileEncoding = 4; lastKnownFileType = sourcecode.cpp.cpp; path = RSDKSceneReader.cpp; sourceTree = "<group>"; };
		D0B14559268B6FA700CDA5EF /* ISprite.cpp */ = {isa = PBXFileReference; fileEncoding = 4; lastKnownFileType = sourcecode.cpp.cpp; path = ISprite.cpp; sourceTree = "<group>"; };
		D0B1455A268B6FA700CDA5EF /* ISound.cpp */ = {isa = PBXFileReference; fileEncoding = 4; lastKnownFileType = sourcecode.cpp.cpp; path = ISound.cpp; sourceTree = "<group>"; };
		D0B1455B268B6FA700CDA5EF /* IModel.cpp */ = {isa = PBXFileReference; fileEncoding = 4; lastKnownFileType = sourcecode.cpp.cpp; path = IModel.cpp; sourceTree = "<group>"; };
		D0B1455D268B6FA700CDA5EF /* JPEG.cpp */ = {isa = PBXFileReference; fileEncoding = 4; lastKnownFileType = sourcecode.cpp.cpp; path = JPEG.cpp; sourceTree = "<group>"; };
		D0B1455E268B6FA700CDA5EF /* PNG.cpp */ = {isa = PBXFileReference; fileEncoding = 4; lastKnownFileType = sourcecode.cpp.cpp; path = PNG.cpp; sourceTree = "<group>"; };
		D0B1455F268B6FA700CDA5EF /* GIF.cpp */ = {isa = PBXFileReference; fileEncoding = 4; lastKnownFileType = sourcecode.cpp.cpp; path = GIF.cpp; sourceTree = "<group>"; };
		D0B14560268B6FA700CDA5EF /* ImageFormat.cpp */ = {isa = PBXFileReference; fileEncoding = 4; lastKnownFileType = sourcecode.cpp.cpp; path = ImageFormat.cpp; sourceTree = "<group>"; };
		D0B14561268B6FA700CDA5EF /* ResourceManager.cpp */ = {isa = PBXFileReference; fileEncoding = 4; lastKnownFileType = sourcecode.cpp.cpp; path = ResourceManager.cpp; sourceTree = "<group>"; };
		D0B14563268B6FA700CDA5EF /* COLLADA.h */ = {isa = PBXFileReference; fileEncoding = 4; lastKnownFileType = sourcecode.c.h; path = COLLADA.h; sourceTree = "<group>"; };
		D0B14564268B6FA700CDA5EF /* COLLADAReader.cpp */ = {isa = PBXFileReference; fileEncoding = 4; lastKnownFileType = sourcecode.cpp.cpp; path = COLLADAReader.cpp; sourceTree = "<group>"; };
		D0B14567268B6FA700CDA5EF /* MD5.cpp */ = {isa = PBXFileReference; fileEncoding = 4; lastKnownFileType = sourcecode.cpp.cpp; path = MD5.cpp; sourceTree = "<group>"; };
		D0B14568268B6FA700CDA5EF /* CombinedHash.cpp */ = {isa = PBXFileReference; fileEncoding = 4; lastKnownFileType = sourcecode.cpp.cpp; path = CombinedHash.cpp; sourceTree = "<group>"; };
		D0B14569268B6FA700CDA5EF /* CRC32.cpp */ = {isa = PBXFileReference; fileEncoding = 4; lastKnownFileType = sourcecode.cpp.cpp; path = CRC32.cpp; sourceTree = "<group>"; };
		D0B1456A268B6FA700CDA5EF /* Murmur.cpp */ = {isa = PBXFileReference; fileEncoding = 4; lastKnownFileType = sourcecode.cpp.cpp; path = Murmur.cpp; sourceTree = "<group>"; };
		D0B1456B268B6FA700CDA5EF /* FNV1A.cpp */ = {isa = PBXFileReference; fileEncoding = 4; lastKnownFileType = sourcecode.cpp.cpp; path = FNV1A.cpp; sourceTree = "<group>"; };
		D0B1456D268B6FA700CDA5EF /* IMath.cpp.unused */ = {isa = PBXFileReference; fileEncoding = 4; lastKnownFileType = text; path = IMath.cpp.unused; sourceTree = "<group>"; };
		D0B1456E268B6FA700CDA5EF /* Matrix4x4.cpp */ = {isa = PBXFileReference; fileEncoding = 4; lastKnownFileType = sourcecode.cpp.cpp; path = Matrix4x4.cpp; sourceTree = "<group>"; };
		D0B1456F268B6FA700CDA5EF /* Math.cpp */ = {isa = PBXFileReference; fileEncoding = 4; lastKnownFileType = sourcecode.cpp.cpp; path = Math.cpp; sourceTree = "<group>"; };
		D0B14570268B6FA700CDA5EF /* Ease.cpp */ = {isa = PBXFileReference; fileEncoding = 4; lastKnownFileType = sourcecode.cpp.cpp; path = Ease.cpp; sourceTree = "<group>"; };
		D0B14572268B6FA700CDA5EF /* Discord.cpp */ = {isa = PBXFileReference; fileEncoding = 4; lastKnownFileType = sourcecode.cpp.cpp; path = Discord.cpp; sourceTree = "<group>"; };
		D0B14573268B6FA700CDA5EF /* InputManager.cpp */ = {isa = PBXFileReference; fileEncoding = 4; lastKnownFileType = sourcecode.cpp.cpp; path = InputManager.cpp; sourceTree = "<group>"; };
		D0B14574268B6FA700CDA5EF /* Graphics.cpp */ = {isa = PBXFileReference; fileEncoding = 4; lastKnownFileType = sourcecode.cpp.cpp; path = Graphics.cpp; sourceTree = "<group>"; };
		D0B14576268B6FA700CDA5EF /* StringUtils.cpp */ = {isa = PBXFileReference; fileEncoding = 4; lastKnownFileType = sourcecode.cpp.cpp; path = StringUtils.cpp; sourceTree = "<group>"; };
		D0B14579268B6FA700CDA5EF /* StackNode.h */ = {isa = PBXFileReference; fileEncoding = 4; lastKnownFileType = sourcecode.c.h; path = StackNode.h; sourceTree = "<group>"; };
		D0B1457A268B6FA700CDA5EF /* AudioManager.cpp */ = {isa = PBXFileReference; fileEncoding = 4; lastKnownFileType = sourcecode.cpp.cpp; path = AudioManager.cpp; sourceTree = "<group>"; };
		D0B1457C268B6FA700CDA5EF /* Memory.cpp */ = {isa = PBXFileReference; fileEncoding = 4; lastKnownFileType = sourcecode.cpp.cpp; path = Memory.cpp; sourceTree = "<group>"; };
		D0B1457D268B6FA700CDA5EF /* Log.cpp */ = {isa = PBXFileReference; fileEncoding = 4; lastKnownFileType = sourcecode.cpp.cpp; path = Log.cpp; sourceTree = "<group>"; };
		D0B1457E268B6FA700CDA5EF /* Clock.cpp */ = {isa = PBXFileReference; fileEncoding = 4; lastKnownFileType = sourcecode.cpp.cpp; path = Clock.cpp; sourceTree = "<group>"; };
		D0B1457F268B6FA700CDA5EF /* RemoteDebug.cpp */ = {isa = PBXFileReference; fileEncoding = 4; lastKnownFileType = sourcecode.cpp.cpp; path = RemoteDebug.cpp; sourceTree = "<group>"; };
		D0B14580268B6FA700CDA5EF /* PerformanceMeasure.cpp */ = {isa = PBXFileReference; fileEncoding = 4; lastKnownFileType = sourcecode.cpp.cpp; path = PerformanceMeasure.cpp; sourceTree = "<group>"; };
		D0B14581268B6FA700CDA5EF /* PerformanceTypes.h */ = {isa = PBXFileReference; fileEncoding = 4; lastKnownFileType = sourcecode.c.h; path = PerformanceTypes.h; sourceTree = "<group>"; };
		D0B14583268B6FA700CDA5EF /* Types.cpp */ = {isa = PBXFileReference; fileEncoding = 4; lastKnownFileType = sourcecode.cpp.cpp; path = Types.cpp; sourceTree = "<group>"; };
		D0B14584268B6FA700CDA5EF /* Compiler.cpp */ = {isa = PBXFileReference; fileEncoding = 4; lastKnownFileType = sourcecode.cpp.cpp; path = Compiler.cpp; sourceTree = "<group>"; };
		D0B14585268B6FA700CDA5EF /* Types.h */ = {isa = PBXFileReference; fileEncoding = 4; lastKnownFileType = sourcecode.c.h; path = Types.h; sourceTree = "<group>"; };
		D0B14586268B6FA700CDA5EF /* StandardLibrary.cpp */ = {isa = PBXFileReference; fileEncoding = 4; lastKnownFileType = sourcecode.cpp.cpp; path = StandardLibrary.cpp; sourceTree = "<group>"; };
		D0B14587268B6FA700CDA5EF /* VMThread.cpp */ = {isa = PBXFileReference; fileEncoding = 4; lastKnownFileType = sourcecode.cpp.cpp; path = VMThread.cpp; sourceTree = "<group>"; };
		D0B14588268B6FA700CDA5EF /* GarbageCollector.cpp */ = {isa = PBXFileReference; fileEncoding = 4; lastKnownFileType = sourcecode.cpp.cpp; path = GarbageCollector.cpp; sourceTree = "<group>"; };
		D0B14589268B6FA700CDA5EF /* BytecodeObject.cpp */ = {isa = PBXFileReference; fileEncoding = 4; lastKnownFileType = sourcecode.cpp.cpp; path = BytecodeObject.cpp; sourceTree = "<group>"; };
		D0B1458A268B6FA700CDA5EF /* SourceFileMap.cpp */ = {isa = PBXFileReference; fileEncoding = 4; lastKnownFileType = sourcecode.cpp.cpp; path = SourceFileMap.cpp; sourceTree = "<group>"; };
		D0B1458B268B6FA700CDA5EF /* BytecodeObjectManager.cpp */ = {isa = PBXFileReference; fileEncoding = 4; lastKnownFileType = sourcecode.cpp.cpp; path = BytecodeObjectManager.cpp; sourceTree = "<group>"; };
		D0B1458C268B6FA700CDA5EF /* CompilerEnums.h */ = {isa = PBXFileReference; fileEncoding = 4; lastKnownFileType = sourcecode.c.h; path = CompilerEnums.h; sourceTree = "<group>"; };
		D0B1458D268B6FA700CDA5EF /* Values.cpp */ = {isa = PBXFileReference; fileEncoding = 4; lastKnownFileType = sourcecode.cpp.cpp; path = Values.cpp; sourceTree = "<group>"; };
		D0B14591268B6FA700CDA5EF /* MetalFuncs.h */ = {isa = PBXFileReference; fileEncoding = 4; lastKnownFileType = sourcecode.c.h; path = MetalFuncs.h; sourceTree = "<group>"; };
		D0B14592268B6FA700CDA5EF /* MetalRenderer.cpp.unused */ = {isa = PBXFileReference; fileEncoding = 4; lastKnownFileType = text; path = MetalRenderer.cpp.unused; sourceTree = "<group>"; };
		D0B14593268B6FA700CDA5EF /* Includes.h */ = {isa = PBXFileReference; fileEncoding = 4; lastKnownFileType = sourcecode.c.h; path = Includes.h; sourceTree = "<group>"; };
		D0B14594268B6FA700CDA5EF /* MetalRenderer.mm.unused */ = {isa = PBXFileReference; fileEncoding = 4; lastKnownFileType = text; path = MetalRenderer.mm.unused; sourceTree = "<group>"; };
		D0B14595268B6FA700CDA5EF /* Texture.cpp */ = {isa = PBXFileReference; fileEncoding = 4; lastKnownFileType = sourcecode.cpp.cpp; path = Texture.cpp; sourceTree = "<group>"; };
		D0B14596268B6FA700CDA5EF /* Shader.cpp */ = {isa = PBXFileReference; fileEncoding = 4; lastKnownFileType = sourcecode.cpp.cpp; path = Shader.cpp; sourceTree = "<group>"; };
		D0B14598268B6FA700CDA5EF /* SoftwareRenderer.cpp */ = {isa = PBXFileReference; fileEncoding = 4; lastKnownFileType = sourcecode.cpp.cpp; path = SoftwareRenderer.cpp; sourceTree = "<group>"; };
		D0B14599268B6FA700CDA5EF /* Enums.h */ = {isa = PBXFileReference; fileEncoding = 4; lastKnownFileType = sourcecode.c.h; path = Enums.h; sourceTree = "<group>"; };
		D0B1459B268B6FA700CDA5EF /* GLShader.cpp */ = {isa = PBXFileReference; fileEncoding = 4; lastKnownFileType = sourcecode.cpp.cpp; path = GLShader.cpp; sourceTree = "<group>"; };
		D0B1459C268B6FA700CDA5EF /* GLRenderer.cpp */ = {isa = PBXFileReference; fileEncoding = 4; lastKnownFileType = sourcecode.cpp.cpp; path = GLRenderer.cpp; sourceTree = "<group>"; };
		D0B1459D268B6FA700CDA5EF /* Includes.h */ = {isa = PBXFileReference; fileEncoding = 4; lastKnownFileType = sourcecode.c.h; path = Includes.h; sourceTree = "<group>"; };
		D0B1459F268B6FA700CDA5EF /* SDL2MetalFunc.m */ = {isa = PBXFileReference; fileEncoding = 4; lastKnownFileType = sourcecode.c.objc; path = SDL2MetalFunc.m; sourceTree = "<group>"; };
		D0B145A0268B6FA700CDA5EF /* SDL2Renderer.cpp */ = {isa = PBXFileReference; fileEncoding = 4; lastKnownFileType = sourcecode.cpp.cpp; path = SDL2Renderer.cpp; sourceTree = "<group>"; };
		D0B145A1268B6FA700CDA5EF /* SDL2MetalFunc.h */ = {isa = PBXFileReference; fileEncoding = 4; lastKnownFileType = sourcecode.c.h; path = SDL2MetalFunc.h; sourceTree = "<group>"; };
		D0B145A2268B6FA700CDA5EF /* 3D.h */ = {isa = PBXFileReference; fileEncoding = 4; lastKnownFileType = sourcecode.c.h; path = 3D.h; sourceTree = "<group>"; };
		D0B145A4268B6FA700CDA5EF /* D3DRenderer.cpp */ = {isa = PBXFileReference; fileEncoding = 4; lastKnownFileType = sourcecode.cpp.cpp; path = D3DRenderer.cpp; sourceTree = "<group>"; };
		D0B145A6268B6FA700CDA5EF /* Animation.h */ = {isa = PBXFileReference; fileEncoding = 4; lastKnownFileType = sourcecode.c.h; path = Animation.h; sourceTree = "<group>"; };
		D0B145A7268B6FA700CDA5EF /* Application.cpp */ = {isa = PBXFileReference; fileEncoding = 4; lastKnownFileType = sourcecode.cpp.cpp; path = Application.cpp; sourceTree = "<group>"; };
		D0B145A9268B6FA700CDA5EF /* ScrollingIndex.cpp */ = {isa = PBXFileReference; fileEncoding = 4; lastKnownFileType = sourcecode.cpp.cpp; path = ScrollingIndex.cpp; sourceTree = "<group>"; };
		D0B145AA268B6FA700CDA5EF /* View.cpp */ = {isa = PBXFileReference; fileEncoding = 4; lastKnownFileType = sourcecode.cpp.cpp; path = View.cpp; sourceTree = "<group>"; };
		D0B145AB268B6FA700CDA5EF /* SceneLayer.cpp */ = {isa = PBXFileReference; fileEncoding = 4; lastKnownFileType = sourcecode.cpp.cpp; path = SceneLayer.cpp; sourceTree = "<group>"; };
		D0B145AC268B6FA700CDA5EF /* ScrollingInfo.cpp */ = {isa = PBXFileReference; fileEncoding = 4; lastKnownFileType = sourcecode.cpp.cpp; path = ScrollingInfo.cpp; sourceTree = "<group>"; };
		D0B145AD268B6FA700CDA5EF /* TileSpriteInfo.cpp */ = {isa = PBXFileReference; fileEncoding = 4; lastKnownFileType = sourcecode.cpp.cpp; path = TileSpriteInfo.cpp; sourceTree = "<group>"; };
		D0B145AE268B6FA700CDA5EF /* TileConfig.cpp */ = {isa = PBXFileReference; fileEncoding = 4; lastKnownFileType = sourcecode.cpp.cpp; path = TileConfig.cpp; sourceTree = "<group>"; };
		D0B145B1268B6FA700CDA5EF /* XMLNode.h */ = {isa = PBXFileReference; fileEncoding = 4; lastKnownFileType = sourcecode.c.h; path = XMLNode.h; sourceTree = "<group>"; };
		D0B145B2268B6FA700CDA5EF /* XMLParser.cpp */ = {isa = PBXFileReference; fileEncoding = 4; lastKnownFileType = sourcecode.cpp.cpp; path = XMLParser.cpp; sourceTree = "<group>"; };
		D0B145B4268B6FA700CDA5EF /* jsmn.h */ = {isa = PBXFileReference; fileEncoding = 4; lastKnownFileType = sourcecode.c.h; path = jsmn.h; sourceTree = "<group>"; };
		D0B145B5268B6FA700CDA5EF /* INI.cpp */ = {isa = PBXFileReference; fileEncoding = 4; lastKnownFileType = sourcecode.cpp.cpp; path = INI.cpp; sourceTree = "<group>"; };
		D0B145B6268B6FA700CDA5EF /* Main.cpp */ = {isa = PBXFileReference; fileEncoding = 4; lastKnownFileType = sourcecode.cpp.cpp; path = Main.cpp; sourceTree = "<group>"; };
		D0B145B8268B6FA700CDA5EF /* MediaPlayer.cpp */ = {isa = PBXFileReference; fileEncoding = 4; lastKnownFileType = sourcecode.cpp.cpp; path = MediaPlayer.cpp; sourceTree = "<group>"; };
		D0B145B9268B6FA700CDA5EF /* MediaSource.cpp */ = {isa = PBXFileReference; fileEncoding = 4; lastKnownFileType = sourcecode.cpp.cpp; path = MediaSource.cpp; sourceTree = "<group>"; };
		D0B145BB268B6FA700CDA5EF /* AVCodec.h */ = {isa = PBXFileReference; fileEncoding = 4; lastKnownFileType = sourcecode.c.h; path = AVCodec.h; sourceTree = "<group>"; };
		D0B145BC268B6FA700CDA5EF /* AVUtils.h */ = {isa = PBXFileReference; fileEncoding = 4; lastKnownFileType = sourcecode.c.h; path = AVUtils.h; sourceTree = "<group>"; };
		D0B145BD268B6FA700CDA5EF /* SWScale.h */ = {isa = PBXFileReference; fileEncoding = 4; lastKnownFileType = sourcecode.c.h; path = SWScale.h; sourceTree = "<group>"; };
		D0B145BE268B6FA700CDA5EF /* AVFormat.h */ = {isa = PBXFileReference; fileEncoding = 4; lastKnownFileType = sourcecode.c.h; path = AVFormat.h; sourceTree = "<group>"; };
		D0B145BF268B6FA700CDA5EF /* SWResample.h */ = {isa = PBXFileReference; fileEncoding = 4; lastKnownFileType = sourcecode.c.h; path = SWResample.h; sourceTree = "<group>"; };
		D0B145C1268B6FA700CDA5EF /* MediaPlayerState.cpp */ = {isa = PBXFileReference; fileEncoding = 4; lastKnownFileType = sourcecode.cpp.cpp; path = MediaPlayerState.cpp; sourceTree = "<group>"; };
		D0B145C2268B6FA700CDA5EF /* Codec.h */ = {isa = PBXFileReference; fileEncoding = 4; lastKnownFileType = sourcecode.c.h; path = Codec.h; sourceTree = "<group>"; };
		D0B145C3268B6FA700CDA5EF /* PtrBuffer.cpp */ = {isa = PBXFileReference; fileEncoding = 4; lastKnownFileType = sourcecode.cpp.cpp; path = PtrBuffer.cpp; sourceTree = "<group>"; };
		D0B145C4268B6FA700CDA5EF /* RingBuffer.cpp */ = {isa = PBXFileReference; fileEncoding = 4; lastKnownFileType = sourcecode.cpp.cpp; path = RingBuffer.cpp; sourceTree = "<group>"; };
		D0B145C6268B6FA700CDA5EF /* AudioDecoder.cpp */ = {isa = PBXFileReference; fileEncoding = 4; lastKnownFileType = sourcecode.cpp.cpp; path = AudioDecoder.cpp; sourceTree = "<group>"; };
		D0B145C7268B6FA700CDA5EF /* VideoDecoder.cpp */ = {isa = PBXFileReference; fileEncoding = 4; lastKnownFileType = sourcecode.cpp.cpp; path = VideoDecoder.cpp; sourceTree = "<group>"; };
		D0B145C8268B6FA700CDA5EF /* Decoder.cpp */ = {isa = PBXFileReference; fileEncoding = 4; lastKnownFileType = sourcecode.cpp.cpp; path = Decoder.cpp; sourceTree = "<group>"; };
		D0B14623268B723B00CDA5EF /* libz.tbd */ = {isa = PBXFileReference; lastKnownFileType = "sourcecode.text-based-dylib-definition"; name = libz.tbd; path = usr/lib/libz.tbd; sourceTree = SDKROOT; };
/* End PBXFileReference section */

/* Begin PBXFrameworksBuildPhase section */
		D0B14507268B6B5C00CDA5EF /* Frameworks */ = {
			isa = PBXFrameworksBuildPhase;
			buildActionMask = 2147483647;
			files = (
				D0B14624268B723B00CDA5EF /* libz.tbd in Frameworks */,
				D0B14522268B6F8300CDA5EF /* SDL2.framework in Frameworks */,
				D0B1451B268B6BB000CDA5EF /* libvorbis.0.dylib in Frameworks */,
				D0B1451C268B6BB000CDA5EF /* libogg.0.dylib in Frameworks */,
				D0B1451E268B6BB000CDA5EF /* libpng16.16.dylib in Frameworks */,
				D0B1451F268B6BB000CDA5EF /* libvorbisfile.3.dylib in Frameworks */,
				D0B14520268B6BB000CDA5EF /* libcurl.4.dylib in Frameworks */,
			);
			runOnlyForDeploymentPostprocessing = 0;
		};
/* End PBXFrameworksBuildPhase section */

/* Begin PBXGroup section */
		D0B14501268B6B5C00CDA5EF = {
			isa = PBXGroup;
			children = (
				D0B14523268B6FA600CDA5EF /* source */,
				D0B1450B268B6B5C00CDA5EF /* Products */,
				D0B14514268B6BB000CDA5EF /* Frameworks */,
			);
			sourceTree = "<group>";
		};
		D0B1450B268B6B5C00CDA5EF /* Products */ = {
			isa = PBXGroup;
			children = (
				D0B1450A268B6B5C00CDA5EF /* HatchGameEngine */,
			);
			name = Products;
			sourceTree = "<group>";
		};
		D0B14514268B6BB000CDA5EF /* Frameworks */ = {
			isa = PBXGroup;
			children = (
				D0B14623268B723B00CDA5EF /* libz.tbd */,
				D0B1451A268B6BB000CDA5EF /* libcurl.4.dylib */,
				D0B14516268B6BB000CDA5EF /* libogg.0.dylib */,
				D0B14518268B6BB000CDA5EF /* libpng16.16.dylib */,
				D0B14515268B6BB000CDA5EF /* libvorbis.0.dylib */,
				D0B14519268B6BB000CDA5EF /* libvorbisfile.3.dylib */,
				D0B14517268B6BB000CDA5EF /* SDL2.framework */,
			);
			name = Frameworks;
			sourceTree = "<group>";
		};
		D0B14523268B6FA600CDA5EF /* source */ = {
			isa = PBXGroup;
			children = (
				D0B14525268B6FA600CDA5EF /* Engine */,
				D0B14524268B6FA600CDA5EF /* HatchGameEngine.log */,
			);
			name = source;
			path = ../../source;
			sourceTree = "<group>";
		};
		D0B14525268B6FA600CDA5EF /* Engine */ = {
			isa = PBXGroup;
			children = (
				D0B145A7268B6FA700CDA5EF /* Application.cpp */,
				D0B14533268B6FA700CDA5EF /* FontFace.cpp */,
				D0B14574268B6FA700CDA5EF /* Graphics.cpp */,
				D0B14573268B6FA700CDA5EF /* InputManager.cpp */,
				D0B145B6268B6FA700CDA5EF /* Main.cpp */,
				D0B14534268B6FA700CDA5EF /* Scene.cpp */,
				D0B14577268B6FA700CDA5EF /* Audio */,
				D0B14582268B6FA700CDA5EF /* Bytecode */,
				D0B1457B268B6FA700CDA5EF /* Diagnostics */,
				D0B14571268B6FA700CDA5EF /* Extensions */,
				D0B1454C268B6FA700CDA5EF /* Filesystem */,
				D0B14566268B6FA700CDA5EF /* Hashing */,
				D0B14548268B6FA700CDA5EF /* Includes */,
				D0B1453A268B6FA700CDA5EF /* IO */,
				D0B1456C268B6FA700CDA5EF /* Math */,
				D0B145B7268B6FA700CDA5EF /* Media */,
				D0B14535268B6FA700CDA5EF /* Network */,
				D0B14526268B6FA600CDA5EF /* Platforms */,
				D0B1458E268B6FA700CDA5EF /* Rendering */,
				D0B1454F268B6FA700CDA5EF /* ResourceTypes */,
				D0B145A8268B6FA700CDA5EF /* Scene */,
				D0B145A5268B6FA700CDA5EF /* Sprites */,
				D0B145AF268B6FA700CDA5EF /* TextFormats */,
				D0B1452E268B6FA700CDA5EF /* Types */,
				D0B14575268B6FA700CDA5EF /* Utilities */,
			);
			path = Engine;
			sourceTree = "<group>";
		};
		D0B14526268B6FA600CDA5EF /* Platforms */ = {
			isa = PBXGroup;
			children = (
				D0B14527268B6FA600CDA5EF /* MacOS */,
				D0B1452A268B6FA700CDA5EF /* iOS */,
			);
			path = Platforms;
			sourceTree = "<group>";
		};
		D0B14527268B6FA600CDA5EF /* MacOS */ = {
			isa = PBXGroup;
			children = (
				D0B14528268B6FA700CDA5EF /* Filesystem.h */,
				D0B14529268B6FA700CDA5EF /* Filesystem.m */,
			);
			path = MacOS;
			sourceTree = "<group>";
		};
		D0B1452A268B6FA700CDA5EF /* iOS */ = {
			isa = PBXGroup;
			children = (
				D0B1452B268B6FA700CDA5EF /* MediaPlayer.h */,
				D0B1452C268B6FA700CDA5EF /* MediaPlayer.m.ignore */,
				D0B1452D268B6FA700CDA5EF /* ImageIO.mm.ignore */,
			);
			path = iOS;
			sourceTree = "<group>";
		};
		D0B1452E268B6FA700CDA5EF /* Types */ = {
			isa = PBXGroup;
			children = (
				D0B1452F268B6FA700CDA5EF /* EntityTypes.h */,
				D0B14530268B6FA700CDA5EF /* DrawGroupList.cpp */,
				D0B14531268B6FA700CDA5EF /* Entity.cpp */,
				D0B14532268B6FA700CDA5EF /* ObjectList.cpp */,
			);
			path = Types;
			sourceTree = "<group>";
		};
		D0B14535268B6FA700CDA5EF /* Network */ = {
			isa = PBXGroup;
			children = (
				D0B14536268B6FA700CDA5EF /* AndroidWifiP2P.cpp */,
				D0B14537268B6FA700CDA5EF /* WebSocketIncludes.h */,
				D0B14538268B6FA700CDA5EF /* WebSocketClient.cpp */,
				D0B14539268B6FA700CDA5EF /* HTTP.cpp */,
			);
			path = Network;
			sourceTree = "<group>";
		};
		D0B1453A268B6FA700CDA5EF /* IO */ = {
			isa = PBXGroup;
			children = (
				D0B1453B268B6FA700CDA5EF /* MemoryStream.cpp */,
				D0B1453C268B6FA700CDA5EF /* ResourceStream.cpp */,
				D0B1453D268B6FA700CDA5EF /* FileStream.cpp */,
				D0B1453E268B6FA700CDA5EF /* Stream.cpp */,
				D0B1453F268B6FA700CDA5EF /* Compression */,
				D0B14546268B6FA700CDA5EF /* SDLStream.cpp */,
				D0B14547268B6FA700CDA5EF /* NetworkStream.cpp */,
			);
			path = IO;
			sourceTree = "<group>";
		};
		D0B1453F268B6FA700CDA5EF /* Compression */ = {
			isa = PBXGroup;
			children = (
				D0B14540268B6FA700CDA5EF /* RunLength.cpp */,
				D0B14541268B6FA700CDA5EF /* ZLibStream.cpp */,
				D0B14542268B6FA700CDA5EF /* LZ11.cpp */,
				D0B14543268B6FA700CDA5EF /* LZSS.cpp */,
				D0B14544268B6FA700CDA5EF /* CompressionEnums.h */,
				D0B14545268B6FA700CDA5EF /* Huffman.cpp */,
			);
			path = Compression;
			sourceTree = "<group>";
		};
		D0B14548268B6FA700CDA5EF /* Includes */ = {
			isa = PBXGroup;
			children = (
				D0B14549268B6FA700CDA5EF /* StandardSDL2.h */,
				D0B1454A268B6FA700CDA5EF /* HashMap.h */,
				D0B1454B268B6FA700CDA5EF /* Standard.h */,
			);
			path = Includes;
			sourceTree = "<group>";
		};
		D0B1454C268B6FA700CDA5EF /* Filesystem */ = {
			isa = PBXGroup;
			children = (
				D0B1454D268B6FA700CDA5EF /* Directory.cpp */,
				D0B1454E268B6FA700CDA5EF /* File.cpp */,
			);
			path = Filesystem;
			sourceTree = "<group>";
		};
		D0B1454F268B6FA700CDA5EF /* ResourceTypes */ = {
			isa = PBXGroup;
			children = (
				D0B14550268B6FA700CDA5EF /* ResourceType.h */,
				D0B14551268B6FA700CDA5EF /* SoundFormats */,
				D0B14555268B6FA700CDA5EF /* Image.cpp */,
				D0B14556268B6FA700CDA5EF /* SceneFormats */,
				D0B14559268B6FA700CDA5EF /* ISprite.cpp */,
				D0B1455A268B6FA700CDA5EF /* ISound.cpp */,
				D0B1455B268B6FA700CDA5EF /* IModel.cpp */,
				D0B1455C268B6FA700CDA5EF /* ImageFormats */,
				D0B14561268B6FA700CDA5EF /* ResourceManager.cpp */,
				D0B14562268B6FA700CDA5EF /* ModelFormats */,
				D0B14565268B6FA700CDA5EF /* MediaFormats */,
			);
			path = ResourceTypes;
			sourceTree = "<group>";
		};
		D0B14551268B6FA700CDA5EF /* SoundFormats */ = {
			isa = PBXGroup;
			children = (
				D0B14552268B6FA700CDA5EF /* SoundFormat.cpp */,
				D0B14553268B6FA700CDA5EF /* OGG.cpp */,
				D0B14554268B6FA700CDA5EF /* WAV.cpp */,
			);
			path = SoundFormats;
			sourceTree = "<group>";
		};
		D0B14556268B6FA700CDA5EF /* SceneFormats */ = {
			isa = PBXGroup;
			children = (
				D0B14557268B6FA700CDA5EF /* TiledMapReader.cpp */,
				D0B14558268B6FA700CDA5EF /* RSDKSceneReader.cpp */,
			);
			path = SceneFormats;
			sourceTree = "<group>";
		};
		D0B1455C268B6FA700CDA5EF /* ImageFormats */ = {
			isa = PBXGroup;
			children = (
				D0B1455D268B6FA700CDA5EF /* JPEG.cpp */,
				D0B1455E268B6FA700CDA5EF /* PNG.cpp */,
				D0B1455F268B6FA700CDA5EF /* GIF.cpp */,
				D0B14560268B6FA700CDA5EF /* ImageFormat.cpp */,
			);
			path = ImageFormats;
			sourceTree = "<group>";
		};
		D0B14562268B6FA700CDA5EF /* ModelFormats */ = {
			isa = PBXGroup;
			children = (
				D0B14563268B6FA700CDA5EF /* COLLADA.h */,
				D0B14564268B6FA700CDA5EF /* COLLADAReader.cpp */,
			);
			path = ModelFormats;
			sourceTree = "<group>";
		};
		D0B14565268B6FA700CDA5EF /* MediaFormats */ = {
			isa = PBXGroup;
			children = (
			);
			path = MediaFormats;
			sourceTree = "<group>";
		};
		D0B14566268B6FA700CDA5EF /* Hashing */ = {
			isa = PBXGroup;
			children = (
				D0B14567268B6FA700CDA5EF /* MD5.cpp */,
				D0B14568268B6FA700CDA5EF /* CombinedHash.cpp */,
				D0B14569268B6FA700CDA5EF /* CRC32.cpp */,
				D0B1456A268B6FA700CDA5EF /* Murmur.cpp */,
				D0B1456B268B6FA700CDA5EF /* FNV1A.cpp */,
			);
			path = Hashing;
			sourceTree = "<group>";
		};
		D0B1456C268B6FA700CDA5EF /* Math */ = {
			isa = PBXGroup;
			children = (
				D0B1456D268B6FA700CDA5EF /* IMath.cpp.unused */,
				D0B1456E268B6FA700CDA5EF /* Matrix4x4.cpp */,
				D0B1456F268B6FA700CDA5EF /* Math.cpp */,
				D0B14570268B6FA700CDA5EF /* Ease.cpp */,
			);
			path = Math;
			sourceTree = "<group>";
		};
		D0B14571268B6FA700CDA5EF /* Extensions */ = {
			isa = PBXGroup;
			children = (
				D0B14572268B6FA700CDA5EF /* Discord.cpp */,
			);
			path = Extensions;
			sourceTree = "<group>";
		};
		D0B14575268B6FA700CDA5EF /* Utilities */ = {
			isa = PBXGroup;
			children = (
				D0B14576268B6FA700CDA5EF /* StringUtils.cpp */,
			);
			path = Utilities;
			sourceTree = "<group>";
		};
		D0B14577268B6FA700CDA5EF /* Audio */ = {
			isa = PBXGroup;
			children = (
				D0B14578268B6FA700CDA5EF /* Filters */,
				D0B14579268B6FA700CDA5EF /* StackNode.h */,
				D0B1457A268B6FA700CDA5EF /* AudioManager.cpp */,
			);
			path = Audio;
			sourceTree = "<group>";
		};
		D0B14578268B6FA700CDA5EF /* Filters */ = {
			isa = PBXGroup;
			children = (
			);
			path = Filters;
			sourceTree = "<group>";
		};
		D0B1457B268B6FA700CDA5EF /* Diagnostics */ = {
			isa = PBXGroup;
			children = (
				D0B1457C268B6FA700CDA5EF /* Memory.cpp */,
				D0B1457D268B6FA700CDA5EF /* Log.cpp */,
				D0B1457E268B6FA700CDA5EF /* Clock.cpp */,
				D0B1457F268B6FA700CDA5EF /* RemoteDebug.cpp */,
				D0B14580268B6FA700CDA5EF /* PerformanceMeasure.cpp */,
				D0B14581268B6FA700CDA5EF /* PerformanceTypes.h */,
			);
			path = Diagnostics;
			sourceTree = "<group>";
		};
		D0B14582268B6FA700CDA5EF /* Bytecode */ = {
			isa = PBXGroup;
			children = (
				D0B14583268B6FA700CDA5EF /* Types.cpp */,
				D0B14584268B6FA700CDA5EF /* Compiler.cpp */,
				D0B14585268B6FA700CDA5EF /* Types.h */,
				D0B14586268B6FA700CDA5EF /* StandardLibrary.cpp */,
				D0B14587268B6FA700CDA5EF /* VMThread.cpp */,
				D0B14588268B6FA700CDA5EF /* GarbageCollector.cpp */,
				D0B14589268B6FA700CDA5EF /* BytecodeObject.cpp */,
				D0B1458A268B6FA700CDA5EF /* SourceFileMap.cpp */,
				D0B1458B268B6FA700CDA5EF /* BytecodeObjectManager.cpp */,
				D0B1458C268B6FA700CDA5EF /* CompilerEnums.h */,
				D0B1458D268B6FA700CDA5EF /* Values.cpp */,
			);
			path = Bytecode;
			sourceTree = "<group>";
		};
		D0B1458E268B6FA700CDA5EF /* Rendering */ = {
			isa = PBXGroup;
			children = (
				D0B1458F268B6FA700CDA5EF /* GLES2 */,
				D0B14590268B6FA700CDA5EF /* Metal */,
				D0B14595268B6FA700CDA5EF /* Texture.cpp */,
				D0B14596268B6FA700CDA5EF /* Shader.cpp */,
				D0B14597268B6FA700CDA5EF /* Software */,
				D0B14599268B6FA700CDA5EF /* Enums.h */,
				D0B1459A268B6FA700CDA5EF /* GL */,
				D0B1459E268B6FA700CDA5EF /* SDL2 */,
				D0B145A2268B6FA700CDA5EF /* 3D.h */,
				D0B145A3268B6FA700CDA5EF /* D3D */,
			);
			path = Rendering;
			sourceTree = "<group>";
		};
		D0B1458F268B6FA700CDA5EF /* GLES2 */ = {
			isa = PBXGroup;
			children = (
			);
			path = GLES2;
			sourceTree = "<group>";
		};
		D0B14590268B6FA700CDA5EF /* Metal */ = {
			isa = PBXGroup;
			children = (
				D0B14591268B6FA700CDA5EF /* MetalFuncs.h */,
				D0B14592268B6FA700CDA5EF /* MetalRenderer.cpp.unused */,
				D0B14593268B6FA700CDA5EF /* Includes.h */,
				D0B14594268B6FA700CDA5EF /* MetalRenderer.mm.unused */,
			);
			path = Metal;
			sourceTree = "<group>";
		};
		D0B14597268B6FA700CDA5EF /* Software */ = {
			isa = PBXGroup;
			children = (
				D0B14598268B6FA700CDA5EF /* SoftwareRenderer.cpp */,
			);
			path = Software;
			sourceTree = "<group>";
		};
		D0B1459A268B6FA700CDA5EF /* GL */ = {
			isa = PBXGroup;
			children = (
				D0B1459B268B6FA700CDA5EF /* GLShader.cpp */,
				D0B1459C268B6FA700CDA5EF /* GLRenderer.cpp */,
				D0B1459D268B6FA700CDA5EF /* Includes.h */,
			);
			path = GL;
			sourceTree = "<group>";
		};
		D0B1459E268B6FA700CDA5EF /* SDL2 */ = {
			isa = PBXGroup;
			children = (
				D0B1459F268B6FA700CDA5EF /* SDL2MetalFunc.m */,
				D0B145A0268B6FA700CDA5EF /* SDL2Renderer.cpp */,
				D0B145A1268B6FA700CDA5EF /* SDL2MetalFunc.h */,
			);
			path = SDL2;
			sourceTree = "<group>";
		};
		D0B145A3268B6FA700CDA5EF /* D3D */ = {
			isa = PBXGroup;
			children = (
				D0B145A4268B6FA700CDA5EF /* D3DRenderer.cpp */,
			);
			path = D3D;
			sourceTree = "<group>";
		};
		D0B145A5268B6FA700CDA5EF /* Sprites */ = {
			isa = PBXGroup;
			children = (
				D0B145A6268B6FA700CDA5EF /* Animation.h */,
			);
			path = Sprites;
			sourceTree = "<group>";
		};
		D0B145A8268B6FA700CDA5EF /* Scene */ = {
			isa = PBXGroup;
			children = (
				D0B145A9268B6FA700CDA5EF /* ScrollingIndex.cpp */,
				D0B145AA268B6FA700CDA5EF /* View.cpp */,
				D0B145AB268B6FA700CDA5EF /* SceneLayer.cpp */,
				D0B145AC268B6FA700CDA5EF /* ScrollingInfo.cpp */,
				D0B145AD268B6FA700CDA5EF /* TileSpriteInfo.cpp */,
				D0B145AE268B6FA700CDA5EF /* TileConfig.cpp */,
			);
			path = Scene;
			sourceTree = "<group>";
		};
		D0B145AF268B6FA700CDA5EF /* TextFormats */ = {
			isa = PBXGroup;
			children = (
				D0B145B0268B6FA700CDA5EF /* XML */,
				D0B145B3268B6FA700CDA5EF /* JSON */,
				D0B145B5268B6FA700CDA5EF /* INI.cpp */,
			);
			path = TextFormats;
			sourceTree = "<group>";
		};
		D0B145B0268B6FA700CDA5EF /* XML */ = {
			isa = PBXGroup;
			children = (
				D0B145B1268B6FA700CDA5EF /* XMLNode.h */,
				D0B145B2268B6FA700CDA5EF /* XMLParser.cpp */,
			);
			path = XML;
			sourceTree = "<group>";
		};
		D0B145B3268B6FA700CDA5EF /* JSON */ = {
			isa = PBXGroup;
			children = (
				D0B145B4268B6FA700CDA5EF /* jsmn.h */,
			);
			path = JSON;
			sourceTree = "<group>";
		};
		D0B145B7268B6FA700CDA5EF /* Media */ = {
			isa = PBXGroup;
			children = (
				D0B145B8268B6FA700CDA5EF /* MediaPlayer.cpp */,
				D0B145B9268B6FA700CDA5EF /* MediaSource.cpp */,
				D0B145BA268B6FA700CDA5EF /* Includes */,
				D0B145C0268B6FA700CDA5EF /* Utils */,
				D0B145C5268B6FA700CDA5EF /* Decoders */,
				D0B145C8268B6FA700CDA5EF /* Decoder.cpp */,
			);
			path = Media;
			sourceTree = "<group>";
		};
		D0B145BA268B6FA700CDA5EF /* Includes */ = {
			isa = PBXGroup;
			children = (
				D0B145BB268B6FA700CDA5EF /* AVCodec.h */,
				D0B145BC268B6FA700CDA5EF /* AVUtils.h */,
				D0B145BD268B6FA700CDA5EF /* SWScale.h */,
				D0B145BE268B6FA700CDA5EF /* AVFormat.h */,
				D0B145BF268B6FA700CDA5EF /* SWResample.h */,
			);
			path = Includes;
			sourceTree = "<group>";
		};
		D0B145C0268B6FA700CDA5EF /* Utils */ = {
			isa = PBXGroup;
			children = (
				D0B145C1268B6FA700CDA5EF /* MediaPlayerState.cpp */,
				D0B145C2268B6FA700CDA5EF /* Codec.h */,
				D0B145C3268B6FA700CDA5EF /* PtrBuffer.cpp */,
				D0B145C4268B6FA700CDA5EF /* RingBuffer.cpp */,
			);
			path = Utils;
			sourceTree = "<group>";
		};
		D0B145C5268B6FA700CDA5EF /* Decoders */ = {
			isa = PBXGroup;
			children = (
				D0B145C6268B6FA700CDA5EF /* AudioDecoder.cpp */,
				D0B145C7268B6FA700CDA5EF /* VideoDecoder.cpp */,
			);
			path = Decoders;
			sourceTree = "<group>";
		};
/* End PBXGroup section */

/* Begin PBXNativeTarget section */
		D0B14509268B6B5C00CDA5EF /* HatchGameEngine */ = {
			isa = PBXNativeTarget;
			buildConfigurationList = D0B14511268B6B5C00CDA5EF /* Build configuration list for PBXNativeTarget "HatchGameEngine" */;
			buildPhases = (
				D0B14506268B6B5C00CDA5EF /* Sources */,
				D0B14507268B6B5C00CDA5EF /* Frameworks */,
				D0B14508268B6B5C00CDA5EF /* CopyFiles */,
			);
			buildRules = (
			);
			dependencies = (
			);
			name = HatchGameEngine;
			productName = HatchGameEngine;
			productReference = D0B1450A268B6B5C00CDA5EF /* HatchGameEngine */;
			productType = "com.apple.product-type.tool";
		};
/* End PBXNativeTarget section */

/* Begin PBXProject section */
		D0B14502268B6B5C00CDA5EF /* Project object */ = {
			isa = PBXProject;
			attributes = {
				LastUpgradeCheck = 1250;
				TargetAttributes = {
					D0B14509268B6B5C00CDA5EF = {
						CreatedOnToolsVersion = 12.5;
					};
				};
			};
			buildConfigurationList = D0B14505268B6B5C00CDA5EF /* Build configuration list for PBXProject "HatchGameEngine" */;
			compatibilityVersion = "Xcode 9.3";
			developmentRegion = en;
			hasScannedForEncodings = 0;
			knownRegions = (
				en,
				Base,
			);
			mainGroup = D0B14501268B6B5C00CDA5EF;
			productRefGroup = D0B1450B268B6B5C00CDA5EF /* Products */;
			projectDirPath = "";
			projectRoot = "";
			targets = (
				D0B14509268B6B5C00CDA5EF /* HatchGameEngine */,
			);
		};
/* End PBXProject section */

/* Begin PBXSourcesBuildPhase section */
		D0B14506268B6B5C00CDA5EF /* Sources */ = {
			isa = PBXSourcesBuildPhase;
			buildActionMask = 2147483647;
			files = (
				D0B14616268B6FA800CDA5EF /* TileSpriteInfo.cpp in Sources */,
				D0B14612268B6FA800CDA5EF /* ScrollingIndex.cpp in Sources */,
				D0B145EE268B6FA700CDA5EF /* MD5.cpp in Sources */,
				D0B145F7268B6FA700CDA5EF /* InputManager.cpp in Sources */,
				D0B1461D268B6FA800CDA5EF /* MediaPlayerState.cpp in Sources */,
				D0B145DC268B6FA700CDA5EF /* NetworkStream.cpp in Sources */,
				D0B145EF268B6FA700CDA5EF /* CombinedHash.cpp in Sources */,
				D0B145E2268B6FA700CDA5EF /* Image.cpp in Sources */,
				D0B14615268B6FA800CDA5EF /* ScrollingInfo.cpp in Sources */,
				D0B14609268B6FA800CDA5EF /* Texture.cpp in Sources */,
				D0B145D1268B6FA700CDA5EF /* HTTP.cpp in Sources */,
				D0B145D8268B6FA700CDA5EF /* LZ11.cpp in Sources */,
				D0B145F1268B6FA700CDA5EF /* Murmur.cpp in Sources */,
				D0B145FD268B6FA700CDA5EF /* Clock.cpp in Sources */,
				D0B14622268B6FA800CDA5EF /* Decoder.cpp in Sources */,
				D0B14606268B6FA700CDA5EF /* SourceFileMap.cpp in Sources */,
				D0B145E5268B6FA700CDA5EF /* ISprite.cpp in Sources */,
				D0B14617268B6FA800CDA5EF /* TileConfig.cpp in Sources */,
				D0B145CE268B6FA700CDA5EF /* Scene.cpp in Sources */,
				D0B145F5268B6FA700CDA5EF /* Ease.cpp in Sources */,
				D0B145D7268B6FA700CDA5EF /* ZLibStream.cpp in Sources */,
				D0B145FB268B6FA700CDA5EF /* Memory.cpp in Sources */,
				D0B145DB268B6FA700CDA5EF /* SDLStream.cpp in Sources */,
				D0B14614268B6FA800CDA5EF /* SceneLayer.cpp in Sources */,
				D0B14605268B6FA700CDA5EF /* BytecodeObject.cpp in Sources */,
				D0B145D5268B6FA700CDA5EF /* Stream.cpp in Sources */,
				D0B145C9268B6FA700CDA5EF /* Filesystem.m in Sources */,
				D0B145FE268B6FA700CDA5EF /* RemoteDebug.cpp in Sources */,
				D0B1460B268B6FA800CDA5EF /* SoftwareRenderer.cpp in Sources */,
				D0B145E4268B6FA700CDA5EF /* RSDKSceneReader.cpp in Sources */,
				D0B14618268B6FA800CDA5EF /* XMLParser.cpp in Sources */,
				D0B14613268B6FA800CDA5EF /* View.cpp in Sources */,
				D0B145EB268B6FA700CDA5EF /* ImageFormat.cpp in Sources */,
				D0B145D0268B6FA700CDA5EF /* WebSocketClient.cpp in Sources */,
				D0B145F9268B6FA700CDA5EF /* StringUtils.cpp in Sources */,
				D0B145DE268B6FA700CDA5EF /* File.cpp in Sources */,
				D0B1461F268B6FA800CDA5EF /* RingBuffer.cpp in Sources */,
				D0B145D2268B6FA700CDA5EF /* MemoryStream.cpp in Sources */,
				D0B145F3268B6FA700CDA5EF /* Matrix4x4.cpp in Sources */,
				D0B14601268B6FA700CDA5EF /* Compiler.cpp in Sources */,
				D0B145F6268B6FA700CDA5EF /* Discord.cpp in Sources */,
				D0B14611268B6FA800CDA5EF /* Application.cpp in Sources */,
				D0B145FF268B6FA700CDA5EF /* PerformanceMeasure.cpp in Sources */,
				D0B145F4268B6FA700CDA5EF /* Math.cpp in Sources */,
				D0B14604268B6FA700CDA5EF /* GarbageCollector.cpp in Sources */,
				D0B145E1268B6FA700CDA5EF /* WAV.cpp in Sources */,
				D0B145E7268B6FA700CDA5EF /* IModel.cpp in Sources */,
				D0B145FA268B6FA700CDA5EF /* AudioManager.cpp in Sources */,
				D0B145CB268B6FA700CDA5EF /* Entity.cpp in Sources */,
				D0B14607268B6FA700CDA5EF /* BytecodeObjectManager.cpp in Sources */,
				D0B1460C268B6FA800CDA5EF /* GLShader.cpp in Sources */,
				D0B145DF268B6FA700CDA5EF /* SoundFormat.cpp in Sources */,
				D0B145EA268B6FA700CDA5EF /* GIF.cpp in Sources */,
				D0B14610268B6FA800CDA5EF /* D3DRenderer.cpp in Sources */,
				D0B1460A268B6FA800CDA5EF /* Shader.cpp in Sources */,
				D0B145D6268B6FA700CDA5EF /* RunLength.cpp in Sources */,
				D0B145CC268B6FA700CDA5EF /* ObjectList.cpp in Sources */,
				D0B145D4268B6FA700CDA5EF /* FileStream.cpp in Sources */,
				D0B1460E268B6FA800CDA5EF /* SDL2MetalFunc.m in Sources */,
				D0B145E9268B6FA700CDA5EF /* PNG.cpp in Sources */,
				D0B1461E268B6FA800CDA5EF /* PtrBuffer.cpp in Sources */,
				D0B14619268B6FA800CDA5EF /* INI.cpp in Sources */,
				D0B14608268B6FA700CDA5EF /* Values.cpp in Sources */,
				D0B145CD268B6FA700CDA5EF /* FontFace.cpp in Sources */,
				D0B14602268B6FA700CDA5EF /* StandardLibrary.cpp in Sources */,
				D0B14603268B6FA700CDA5EF /* VMThread.cpp in Sources */,
				D0B1461B268B6FA800CDA5EF /* MediaPlayer.cpp in Sources */,
				D0B14600268B6FA700CDA5EF /* Types.cpp in Sources */,
				D0B145D9268B6FA700CDA5EF /* LZSS.cpp in Sources */,
				D0B145DD268B6FA700CDA5EF /* Directory.cpp in Sources */,
				D0B145CF268B6FA700CDA5EF /* AndroidWifiP2P.cpp in Sources */,
				D0B145D3268B6FA700CDA5EF /* ResourceStream.cpp in Sources */,
				D0B1460D268B6FA800CDA5EF /* GLRenderer.cpp in Sources */,
				D0B1461C268B6FA800CDA5EF /* MediaSource.cpp in Sources */,
				D0B14620268B6FA800CDA5EF /* AudioDecoder.cpp in Sources */,
				D0B145F2268B6FA700CDA5EF /* FNV1A.cpp in Sources */,
				D0B145F0268B6FA700CDA5EF /* CRC32.cpp in Sources */,
				D0B1460F268B6FA800CDA5EF /* SDL2Renderer.cpp in Sources */,
				D0B145FC268B6FA700CDA5EF /* Log.cpp in Sources */,
				D0B1461A268B6FA800CDA5EF /* Main.cpp in Sources */,
				D0B14621268B6FA800CDA5EF /* VideoDecoder.cpp in Sources */,
				D0B145ED268B6FA700CDA5EF /* COLLADAReader.cpp in Sources */,
				D0B145E0268B6FA700CDA5EF /* OGG.cpp in Sources */,
				D0B145CA268B6FA700CDA5EF /* DrawGroupList.cpp in Sources */,
				D0B145DA268B6FA700CDA5EF /* Huffman.cpp in Sources */,
				D0B145E3268B6FA700CDA5EF /* TiledMapReader.cpp in Sources */,
				D0B145E6268B6FA700CDA5EF /* ISound.cpp in Sources */,
				D0B145E8268B6FA700CDA5EF /* JPEG.cpp in Sources */,
				D0B145F8268B6FA700CDA5EF /* Graphics.cpp in Sources */,
				D0B145EC268B6FA700CDA5EF /* ResourceManager.cpp in Sources */,
			);
			runOnlyForDeploymentPostprocessing = 0;
		};
/* End PBXSourcesBuildPhase section */

/* Begin XCBuildConfiguration section */
		D0B1450F268B6B5C00CDA5EF /* Debug */ = {
			isa = XCBuildConfiguration;
			buildSettings = {
				ALWAYS_SEARCH_USER_PATHS = NO;
				CLANG_ANALYZER_NONNULL = YES;
				CLANG_ANALYZER_NUMBER_OBJECT_CONVERSION = YES_AGGRESSIVE;
				CLANG_CXX_LANGUAGE_STANDARD = "gnu++14";
				CLANG_CXX_LIBRARY = "libc++";
				CLANG_ENABLE_MODULES = YES;
				CLANG_ENABLE_OBJC_ARC = YES;
				CLANG_ENABLE_OBJC_WEAK = YES;
				CLANG_WARN_BLOCK_CAPTURE_AUTORELEASING = YES;
				CLANG_WARN_BOOL_CONVERSION = YES;
				CLANG_WARN_COMMA = YES;
				CLANG_WARN_CONSTANT_CONVERSION = YES;
				CLANG_WARN_DEPRECATED_OBJC_IMPLEMENTATIONS = YES;
				CLANG_WARN_DIRECT_OBJC_ISA_USAGE = YES_ERROR;
				CLANG_WARN_DOCUMENTATION_COMMENTS = YES;
				CLANG_WARN_EMPTY_BODY = YES;
				CLANG_WARN_ENUM_CONVERSION = YES;
				CLANG_WARN_INFINITE_RECURSION = YES;
				CLANG_WARN_INT_CONVERSION = YES;
				CLANG_WARN_NON_LITERAL_NULL_CONVERSION = YES;
				CLANG_WARN_OBJC_IMPLICIT_RETAIN_SELF = YES;
				CLANG_WARN_OBJC_LITERAL_CONVERSION = YES;
				CLANG_WARN_OBJC_ROOT_CLASS = YES_ERROR;
				CLANG_WARN_QUOTED_INCLUDE_IN_FRAMEWORK_HEADER = YES;
				CLANG_WARN_RANGE_LOOP_ANALYSIS = YES;
				CLANG_WARN_STRICT_PROTOTYPES = YES;
				CLANG_WARN_SUSPICIOUS_MOVE = YES;
				CLANG_WARN_UNGUARDED_AVAILABILITY = YES_AGGRESSIVE;
				CLANG_WARN_UNREACHABLE_CODE = YES;
				CLANG_WARN__DUPLICATE_METHOD_MATCH = YES;
				COPY_PHASE_STRIP = NO;
				DEBUG_INFORMATION_FORMAT = dwarf;
				ENABLE_STRICT_OBJC_MSGSEND = YES;
				ENABLE_TESTABILITY = YES;
				GCC_C_LANGUAGE_STANDARD = gnu11;
				GCC_DYNAMIC_NO_PIC = NO;
				GCC_NO_COMMON_BLOCKS = YES;
				GCC_OPTIMIZATION_LEVEL = 0;
				GCC_PREPROCESSOR_DEFINITIONS = (
					"DEBUG=1",
					"$(inherited)",
				);
				GCC_WARN_64_TO_32_BIT_CONVERSION = YES;
				GCC_WARN_ABOUT_RETURN_TYPE = YES_ERROR;
				GCC_WARN_UNDECLARED_SELECTOR = YES;
				GCC_WARN_UNINITIALIZED_AUTOS = YES_AGGRESSIVE;
				GCC_WARN_UNUSED_FUNCTION = YES;
				GCC_WARN_UNUSED_VARIABLE = YES;
				MACOSX_DEPLOYMENT_TARGET = 11.2;
				MTL_ENABLE_DEBUG_INFO = INCLUDE_SOURCE;
				MTL_FAST_MATH = YES;
				ONLY_ACTIVE_ARCH = YES;
				SDKROOT = macosx;
			};
			name = Debug;
		};
		D0B14510268B6B5C00CDA5EF /* Release */ = {
			isa = XCBuildConfiguration;
			buildSettings = {
				ALWAYS_SEARCH_USER_PATHS = NO;
				CLANG_ANALYZER_NONNULL = YES;
				CLANG_ANALYZER_NUMBER_OBJECT_CONVERSION = YES_AGGRESSIVE;
				CLANG_CXX_LANGUAGE_STANDARD = "gnu++14";
				CLANG_CXX_LIBRARY = "libc++";
				CLANG_ENABLE_MODULES = YES;
				CLANG_ENABLE_OBJC_ARC = YES;
				CLANG_ENABLE_OBJC_WEAK = YES;
				CLANG_WARN_BLOCK_CAPTURE_AUTORELEASING = YES;
				CLANG_WARN_BOOL_CONVERSION = YES;
				CLANG_WARN_COMMA = YES;
				CLANG_WARN_CONSTANT_CONVERSION = YES;
				CLANG_WARN_DEPRECATED_OBJC_IMPLEMENTATIONS = YES;
				CLANG_WARN_DIRECT_OBJC_ISA_USAGE = YES_ERROR;
				CLANG_WARN_DOCUMENTATION_COMMENTS = YES;
				CLANG_WARN_EMPTY_BODY = YES;
				CLANG_WARN_ENUM_CONVERSION = YES;
				CLANG_WARN_INFINITE_RECURSION = YES;
				CLANG_WARN_INT_CONVERSION = YES;
				CLANG_WARN_NON_LITERAL_NULL_CONVERSION = YES;
				CLANG_WARN_OBJC_IMPLICIT_RETAIN_SELF = YES;
				CLANG_WARN_OBJC_LITERAL_CONVERSION = YES;
				CLANG_WARN_OBJC_ROOT_CLASS = YES_ERROR;
				CLANG_WARN_QUOTED_INCLUDE_IN_FRAMEWORK_HEADER = YES;
				CLANG_WARN_RANGE_LOOP_ANALYSIS = YES;
				CLANG_WARN_STRICT_PROTOTYPES = YES;
				CLANG_WARN_SUSPICIOUS_MOVE = YES;
				CLANG_WARN_UNGUARDED_AVAILABILITY = YES_AGGRESSIVE;
				CLANG_WARN_UNREACHABLE_CODE = YES;
				CLANG_WARN__DUPLICATE_METHOD_MATCH = YES;
				COPY_PHASE_STRIP = NO;
				DEBUG_INFORMATION_FORMAT = "dwarf-with-dsym";
				ENABLE_NS_ASSERTIONS = NO;
				ENABLE_STRICT_OBJC_MSGSEND = YES;
				GCC_C_LANGUAGE_STANDARD = gnu11;
				GCC_NO_COMMON_BLOCKS = YES;
				GCC_WARN_64_TO_32_BIT_CONVERSION = YES;
				GCC_WARN_ABOUT_RETURN_TYPE = YES_ERROR;
				GCC_WARN_UNDECLARED_SELECTOR = YES;
				GCC_WARN_UNINITIALIZED_AUTOS = YES_AGGRESSIVE;
				GCC_WARN_UNUSED_FUNCTION = YES;
				GCC_WARN_UNUSED_VARIABLE = YES;
				MACOSX_DEPLOYMENT_TARGET = 11.2;
				MTL_ENABLE_DEBUG_INFO = NO;
				MTL_FAST_MATH = YES;
				SDKROOT = macosx;
			};
			name = Release;
		};
		D0B14512268B6B5C00CDA5EF /* Debug */ = {
			isa = XCBuildConfiguration;
			buildSettings = {
				CODE_SIGN_STYLE = Automatic;
				FRAMEWORK_SEARCH_PATHS = ../../meta/mac;
				GCC_PREPROCESSOR_DEFINITIONS = (
					"DEBUG=1",
					"$(inherited)",
					MACOSX,
					"TARGET_NAME=\\\"HatchGameEngine\\\"",
					USING_LIBPNG,
					"USING_LIBPNG_HEADER=\\<libpng16/png.h\\>",
					USING_FRAMEWORK,
					USING_VM_DISPATCH_TABLE,
					USING_LIBOGG,
				);
				HEADER_SEARCH_PATHS = (
					../../include,
					../../source,
					../../meta/mac/include,
				);
				LIBRARY_SEARCH_PATHS = ../../meta/mac;
				PRODUCT_NAME = "$(TARGET_NAME)";
			};
			name = Debug;
		};
		D0B14513268B6B5C00CDA5EF /* Release */ = {
			isa = XCBuildConfiguration;
			buildSettings = {
				CODE_SIGN_STYLE = Automatic;
				FRAMEWORK_SEARCH_PATHS = ../../meta/mac;
				GCC_PREPROCESSOR_DEFINITIONS = MACOSX;
				HEADER_SEARCH_PATHS = (
					../../include,
					../../source,
					../../meta/mac/include,
				);
				LIBRARY_SEARCH_PATHS = ../../meta/mac;
				PRODUCT_NAME = "$(TARGET_NAME)";
			};
			name = Release;
		};
/* End XCBuildConfiguration section */

/* Begin XCConfigurationList section */
		D0B14505268B6B5C00CDA5EF /* Build configuration list for PBXProject "HatchGameEngine" */ = {
			isa = XCConfigurationList;
			buildConfigurations = (
				D0B1450F268B6B5C00CDA5EF /* Debug */,
				D0B14510268B6B5C00CDA5EF /* Release */,
			);
			defaultConfigurationIsVisible = 0;
			defaultConfigurationName = Release;
		};
		D0B14511268B6B5C00CDA5EF /* Build configuration list for PBXNativeTarget "HatchGameEngine" */ = {
			isa = XCConfigurationList;
			buildConfigurations = (
				D0B14512268B6B5C00CDA5EF /* Debug */,
				D0B14513268B6B5C00CDA5EF /* Release */,
			);
			defaultConfigurationIsVisible = 0;
			defaultConfigurationName = Release;
		};
/* End XCConfigurationList section */
	};
	rootObject = D0B14502268B6B5C00CDA5EF /* Project object */;
}
